<?xml version="1.0" encoding="utf-8"?>
<Project ToolsVersion="4.0" xmlns="http://schemas.microsoft.com/developer/msbuild/2003">
  <ItemGroup>
    <Filter Include="Wise">
      <UniqueIdentifier>{5D928E7C-49C9-8F0D-F2B5-7510DECB0B0F}</UniqueIdentifier>
    </Filter>
    <Filter Include="Wise\Events">
      <UniqueIdentifier>{A153963B-0D09-0F31-96FD-080802B20535}</UniqueIdentifier>
    </Filter>
  </ItemGroup>
  <ItemGroup>
    <ClInclude Include="src\Wise.h" />
    <ClInclude Include="src\Wise\Application.h">
      <Filter>Wise</Filter>
    </ClInclude>
    <ClInclude Include="src\Wise\Core.h">
      <Filter>Wise</Filter>
    </ClInclude>
    <ClInclude Include="src\Wise\EntryPoint.h">
      <Filter>Wise</Filter>
    </ClInclude>
    <ClInclude Include="src\Wise\Events\ApplicationEvent.h">
      <Filter>Wise\Events</Filter>
    </ClInclude>
    <ClInclude Include="src\Wise\Events\Event.h">
      <Filter>Wise\Events</Filter>
    </ClInclude>
    <ClInclude Include="src\Wise\Events\KeyEvent.h">
      <Filter>Wise\Events</Filter>
    </ClInclude>
    <ClInclude Include="src\Wise\Events\MouseEvent.h">
      <Filter>Wise\Events</Filter>
    </ClInclude>
    <ClInclude Include="src\Wise\Log.h">
      <Filter>Wise</Filter>
    </ClInclude>
  </ItemGroup>
  <ItemGroup>
    <ClCompile Include="src\Wise\Application.cpp">
      <Filter>Wise</Filter>
    </ClCompile>
    <ClCompile Include="src\Wise\Log.cpp">
      <Filter>Wise</Filter>
    </ClCompile>
  </ItemGroup>
</Project>