<?xml version="1.0" encoding="utf-8"?>
<Project ToolsVersion="4.0" xmlns="http://schemas.microsoft.com/developer/msbuild/2003">
  <ItemGroup>
    <Filter Include="Wise">
      <UniqueIdentifier>{5D928E7C-49C9-8F0D-F2B5-7510DECB0B0F}</UniqueIdentifier>
    </Filter>
  </ItemGroup>
  <ItemGroup>
    <ClInclude Include="src\Wise.h" />
    <ClInclude Include="src\Wise\Application.h">
      <Filter>Wise</Filter>
    </ClInclude>
    <ClInclude Include="src\Wise\Core.h">
      <Filter>Wise</Filter>
    </ClInclude>
    <ClInclude Include="src\Wise\EntryPoint.h">
      <Filter>Wise</Filter>
    </ClInclude>
    <ClInclude Include="src\Wise\Log.h">
      <Filter>Wise</Filter>
    </ClInclude>
  </ItemGroup>
  <ItemGroup>
    <ClCompile Include="src\Wise\Application.cpp">
      <Filter>Wise</Filter>
    </ClCompile>
    <ClCompile Include="src\Wise\Log.cpp">
      <Filter>Wise</Filter>
    </ClCompile>
  </ItemGroup>
</Project>